
Microsoft Visual Studio Solution File, Format Version 12.00
# Visual Studio Version 17
VisualStudioVersion = 17.7.34031.279
MinimumVisualStudioVersion = 10.0.40219.1
Project("{FAE04EC0-301F-11D3-BF4B-00C04F79EFBC}") = "MangaBot.Cli", "MangaBot.Cli\MangaBot.Cli.csproj", "{40A0C0AA-FEAB-4946-B804-311894061FAE}"
EndProject
Global
	GlobalSection(SolutionConfigurationPlatforms) = preSolution
		Debug|Any CPU = Debug|Any CPU
		Release|Any CPU = Release|Any CPU
	EndGlobalSection
	GlobalSection(ProjectConfigurationPlatforms) = postSolution
		{40A0C0AA-FEAB-4946-B804-311894061FAE}.Debug|Any CPU.ActiveCfg = Debug|Any CPU
		{40A0C0AA-FEAB-4946-B804-311894061FAE}.Debug|Any CPU.Build.0 = Debug|Any CPU
		{40A0C0AA-FEAB-4946-B804-311894061FAE}.Release|Any CPU.ActiveCfg = Release|Any CPU
		{40A0C0AA-FEAB-4946-B804-311894061FAE}.Release|Any CPU.Build.0 = Release|Any CPU
	EndGlobalSection
	GlobalSection(SolutionProperties) = preSolution
		HideSolutionNode = FALSE
	EndGlobalSection
	GlobalSection(ExtensibilityGlobals) = postSolution
		SolutionGuid = {3EB1690E-E84B-43B1-A734-364CEAAEB065}
	EndGlobalSection
EndGlobal
